// !$*UTF8*$!
{
	archiveVersion = 1;
	classes = {
	};
	objectVersion = 50;
	objects = {

/* Begin PBXBuildFile section */
		CA0B2FA025818DE90037BA48 /* SWGNeedle.m in Sources */ = {isa = PBXBuildFile; fileRef = CA0B2F9F25818DE90037BA48 /* SWGNeedle.m */; };
		CA0B2FAF2581900A0037BA48 /* SWGUtil.m in Sources */ = {isa = PBXBuildFile; fileRef = CA0B2FAE2581900A0037BA48 /* SWGUtil.m */; };
		CA0B2FC6258194B40037BA48 /* SWGNeedleConst.m in Sources */ = {isa = PBXBuildFile; fileRef = CA0B2FC5258194B40037BA48 /* SWGNeedleConst.m */; };
		CA296877257672CB00B595C6 /* AppDelegate.m in Sources */ = {isa = PBXBuildFile; fileRef = CA296876257672CB00B595C6 /* AppDelegate.m */; };
		CA29687A257672CB00B595C6 /* SceneDelegate.m in Sources */ = {isa = PBXBuildFile; fileRef = CA296879257672CB00B595C6 /* SceneDelegate.m */; };
		CA29687D257672CB00B595C6 /* ViewController.m in Sources */ = {isa = PBXBuildFile; fileRef = CA29687C257672CB00B595C6 /* ViewController.m */; };
		CA296880257672CB00B595C6 /* Main.storyboard in Resources */ = {isa = PBXBuildFile; fileRef = CA29687E257672CB00B595C6 /* Main.storyboard */; };
		CA296882257672CB00B595C6 /* Assets.xcassets in Resources */ = {isa = PBXBuildFile; fileRef = CA296881257672CB00B595C6 /* Assets.xcassets */; };
		CA296885257672CB00B595C6 /* LaunchScreen.storyboard in Resources */ = {isa = PBXBuildFile; fileRef = CA296883257672CB00B595C6 /* LaunchScreen.storyboard */; };
		CA296888257672CB00B595C6 /* main.m in Sources */ = {isa = PBXBuildFile; fileRef = CA296887257672CB00B595C6 /* main.m */; };
		CA296892257672CC00B595C6 /* HotFixDemoTests.m in Sources */ = {isa = PBXBuildFile; fileRef = CA296891257672CC00B595C6 /* HotFixDemoTests.m */; };
		CA29689D257672CC00B595C6 /* HotFixDemoUITests.m in Sources */ = {isa = PBXBuildFile; fileRef = CA29689C257672CC00B595C6 /* HotFixDemoUITests.m */; };
		CA80B8112586267B00071DAF /* common.js in Resources */ = {isa = PBXBuildFile; fileRef = CA80B8102586267B00071DAF /* common.js */; };
		CA92D07A2585FC720026086F /* demo.js in Resources */ = {isa = PBXBuildFile; fileRef = CA92D0792585FC720026086F /* demo.js */; };
		CA92D08F2586084B0026086F /* compile.js in Resources */ = {isa = PBXBuildFile; fileRef = CA92D08E2586084B0026086F /* compile.js */; };
		CAFAEFDB2586DD480090FC0C /* business.js in Resources */ = {isa = PBXBuildFile; fileRef = CAFAEFDA2586DD480090FC0C /* business.js */; };
/* End PBXBuildFile section */

/* Begin PBXContainerItemProxy section */
		CA29688E257672CC00B595C6 /* PBXContainerItemProxy */ = {
			isa = PBXContainerItemProxy;
			containerPortal = CA29686A257672CB00B595C6 /* Project object */;
			proxyType = 1;
			remoteGlobalIDString = CA296871257672CB00B595C6;
			remoteInfo = HotFixDemo;
		};
		CA296899257672CC00B595C6 /* PBXContainerItemProxy */ = {
			isa = PBXContainerItemProxy;
			containerPortal = CA29686A257672CB00B595C6 /* Project object */;
			proxyType = 1;
			remoteGlobalIDString = CA296871257672CB00B595C6;
			remoteInfo = HotFixDemo;
		};
/* End PBXContainerItemProxy section */

/* Begin PBXFileReference section */
		CA0B2F9E25818DE90037BA48 /* SWGNeedle.h */ = {isa = PBXFileReference; lastKnownFileType = sourcecode.c.h; path = SWGNeedle.h; sourceTree = "<group>"; };
		CA0B2F9F25818DE90037BA48 /* SWGNeedle.m */ = {isa = PBXFileReference; lastKnownFileType = sourcecode.c.objc; path = SWGNeedle.m; sourceTree = "<group>"; };
		CA0B2FAD2581900A0037BA48 /* SWGUtil.h */ = {isa = PBXFileReference; lastKnownFileType = sourcecode.c.h; path = SWGUtil.h; sourceTree = "<group>"; };
		CA0B2FAE2581900A0037BA48 /* SWGUtil.m */ = {isa = PBXFileReference; lastKnownFileType = sourcecode.c.objc; path = SWGUtil.m; sourceTree = "<group>"; };
		CA0B2FC4258194B40037BA48 /* SWGNeedleConst.h */ = {isa = PBXFileReference; lastKnownFileType = sourcecode.c.h; path = SWGNeedleConst.h; sourceTree = "<group>"; };
		CA0B2FC5258194B40037BA48 /* SWGNeedleConst.m */ = {isa = PBXFileReference; lastKnownFileType = sourcecode.c.objc; path = SWGNeedleConst.m; sourceTree = "<group>"; };
		CA0B2FCA258199080037BA48 /* SWGCompatibilityMacros.h */ = {isa = PBXFileReference; lastKnownFileType = sourcecode.c.h; path = SWGCompatibilityMacros.h; sourceTree = "<group>"; };
		CA296872257672CB00B595C6 /* HotFixDemo.app */ = {isa = PBXFileReference; explicitFileType = wrapper.application; includeInIndex = 0; path = HotFixDemo.app; sourceTree = BUILT_PRODUCTS_DIR; };
		CA296875257672CB00B595C6 /* AppDelegate.h */ = {isa = PBXFileReference; lastKnownFileType = sourcecode.c.h; path = AppDelegate.h; sourceTree = "<group>"; };
		CA296876257672CB00B595C6 /* AppDelegate.m */ = {isa = PBXFileReference; lastKnownFileType = sourcecode.c.objc; path = AppDelegate.m; sourceTree = "<group>"; };
		CA296878257672CB00B595C6 /* SceneDelegate.h */ = {isa = PBXFileReference; lastKnownFileType = sourcecode.c.h; path = SceneDelegate.h; sourceTree = "<group>"; };
		CA296879257672CB00B595C6 /* SceneDelegate.m */ = {isa = PBXFileReference; lastKnownFileType = sourcecode.c.objc; path = SceneDelegate.m; sourceTree = "<group>"; };
		CA29687B257672CB00B595C6 /* ViewController.h */ = {isa = PBXFileReference; lastKnownFileType = sourcecode.c.h; path = ViewController.h; sourceTree = "<group>"; };
		CA29687C257672CB00B595C6 /* ViewController.m */ = {isa = PBXFileReference; lastKnownFileType = sourcecode.c.objc; path = ViewController.m; sourceTree = "<group>"; };
		CA29687F257672CB00B595C6 /* Base */ = {isa = PBXFileReference; lastKnownFileType = file.storyboard; name = Base; path = Base.lproj/Main.storyboard; sourceTree = "<group>"; };
		CA296881257672CB00B595C6 /* Assets.xcassets */ = {isa = PBXFileReference; lastKnownFileType = folder.assetcatalog; path = Assets.xcassets; sourceTree = "<group>"; };
		CA296884257672CB00B595C6 /* Base */ = {isa = PBXFileReference; lastKnownFileType = file.storyboard; name = Base; path = Base.lproj/LaunchScreen.storyboard; sourceTree = "<group>"; };
		CA296886257672CB00B595C6 /* Info.plist */ = {isa = PBXFileReference; lastKnownFileType = text.plist.xml; path = Info.plist; sourceTree = "<group>"; };
		CA296887257672CB00B595C6 /* main.m */ = {isa = PBXFileReference; lastKnownFileType = sourcecode.c.objc; path = main.m; sourceTree = "<group>"; };
		CA29688D257672CC00B595C6 /* HotFixDemoTests.xctest */ = {isa = PBXFileReference; explicitFileType = wrapper.cfbundle; includeInIndex = 0; path = HotFixDemoTests.xctest; sourceTree = BUILT_PRODUCTS_DIR; };
		CA296891257672CC00B595C6 /* HotFixDemoTests.m */ = {isa = PBXFileReference; lastKnownFileType = sourcecode.c.objc; path = HotFixDemoTests.m; sourceTree = "<group>"; };
		CA296893257672CC00B595C6 /* Info.plist */ = {isa = PBXFileReference; lastKnownFileType = text.plist.xml; path = Info.plist; sourceTree = "<group>"; };
		CA296898257672CC00B595C6 /* HotFixDemoUITests.xctest */ = {isa = PBXFileReference; explicitFileType = wrapper.cfbundle; includeInIndex = 0; path = HotFixDemoUITests.xctest; sourceTree = BUILT_PRODUCTS_DIR; };
		CA29689C257672CC00B595C6 /* HotFixDemoUITests.m */ = {isa = PBXFileReference; lastKnownFileType = sourcecode.c.objc; path = HotFixDemoUITests.m; sourceTree = "<group>"; };
		CA29689E257672CC00B595C6 /* Info.plist */ = {isa = PBXFileReference; lastKnownFileType = text.plist.xml; path = Info.plist; sourceTree = "<group>"; };
		CA80B8102586267B00071DAF /* common.js */ = {isa = PBXFileReference; fileEncoding = 4; lastKnownFileType = sourcecode.javascript; path = common.js; sourceTree = "<group>"; };
		CA92D0792585FC720026086F /* demo.js */ = {isa = PBXFileReference; fileEncoding = 4; lastKnownFileType = sourcecode.javascript; path = demo.js; sourceTree = "<group>"; };
		CA92D08E2586084B0026086F /* compile.js */ = {isa = PBXFileReference; lastKnownFileType = sourcecode.javascript; path = compile.js; sourceTree = "<group>"; };
		CAFAEFDA2586DD480090FC0C /* business.js */ = {isa = PBXFileReference; fileEncoding = 4; lastKnownFileType = sourcecode.javascript; path = business.js; sourceTree = "<group>"; };
/* End PBXFileReference section */

/* Begin PBXFrameworksBuildPhase section */
		CA29686F257672CB00B595C6 /* Frameworks */ = {
			isa = PBXFrameworksBuildPhase;
			buildActionMask = 2147483647;
			files = (
			);
			runOnlyForDeploymentPostprocessing = 0;
		};
		CA29688A257672CC00B595C6 /* Frameworks */ = {
			isa = PBXFrameworksBuildPhase;
			buildActionMask = 2147483647;
			files = (
			);
			runOnlyForDeploymentPostprocessing = 0;
		};
		CA296895257672CC00B595C6 /* Frameworks */ = {
			isa = PBXFrameworksBuildPhase;
			buildActionMask = 2147483647;
			files = (
			);
			runOnlyForDeploymentPostprocessing = 0;
		};
/* End PBXFrameworksBuildPhase section */

/* Begin PBXGroup section */
		CA0B2F9D25818D670037BA48 /* SWGNeedle */ = {
			isa = PBXGroup;
			children = (
				CA0B2F9E25818DE90037BA48 /* SWGNeedle.h */,
				CA0B2F9F25818DE90037BA48 /* SWGNeedle.m */,
				CA0B2FAD2581900A0037BA48 /* SWGUtil.h */,
				CA0B2FAE2581900A0037BA48 /* SWGUtil.m */,
				CA0B2FC4258194B40037BA48 /* SWGNeedleConst.h */,
				CA0B2FC5258194B40037BA48 /* SWGNeedleConst.m */,
				CA0B2FCA258199080037BA48 /* SWGCompatibilityMacros.h */,
			);
			path = SWGNeedle;
			sourceTree = "<group>";
		};
		CA296869257672CB00B595C6 = {
			isa = PBXGroup;
			children = (
				CA296874257672CB00B595C6 /* HotFixDemo */,
				CA296890257672CC00B595C6 /* HotFixDemoTests */,
				CA29689B257672CC00B595C6 /* HotFixDemoUITests */,
				CA296873257672CB00B595C6 /* Products */,
			);
			sourceTree = "<group>";
		};
		CA296873257672CB00B595C6 /* Products */ = {
			isa = PBXGroup;
			children = (
				CA296872257672CB00B595C6 /* HotFixDemo.app */,
				CA29688D257672CC00B595C6 /* HotFixDemoTests.xctest */,
				CA296898257672CC00B595C6 /* HotFixDemoUITests.xctest */,
			);
			name = Products;
			sourceTree = "<group>";
		};
		CA296874257672CB00B595C6 /* HotFixDemo */ = {
			isa = PBXGroup;
			children = (
				CA92D08E2586084B0026086F /* compile.js */,
				CAFAEFDA2586DD480090FC0C /* business.js */,
				CA80B8102586267B00071DAF /* common.js */,
				CA92D0792585FC720026086F /* demo.js */,
				CA0B2F9D25818D670037BA48 /* SWGNeedle */,
				CA296875257672CB00B595C6 /* AppDelegate.h */,
				CA296876257672CB00B595C6 /* AppDelegate.m */,
				CA296878257672CB00B595C6 /* SceneDelegate.h */,
				CA296879257672CB00B595C6 /* SceneDelegate.m */,
				CA29687B257672CB00B595C6 /* ViewController.h */,
				CA29687C257672CB00B595C6 /* ViewController.m */,
				CA29687E257672CB00B595C6 /* Main.storyboard */,
				CA296881257672CB00B595C6 /* Assets.xcassets */,
				CA296883257672CB00B595C6 /* LaunchScreen.storyboard */,
				CA296886257672CB00B595C6 /* Info.plist */,
				CA296887257672CB00B595C6 /* main.m */,
			);
			path = HotFixDemo;
			sourceTree = "<group>";
		};
		CA296890257672CC00B595C6 /* HotFixDemoTests */ = {
			isa = PBXGroup;
			children = (
				CA296891257672CC00B595C6 /* HotFixDemoTests.m */,
				CA296893257672CC00B595C6 /* Info.plist */,
			);
			path = HotFixDemoTests;
			sourceTree = "<group>";
		};
		CA29689B257672CC00B595C6 /* HotFixDemoUITests */ = {
			isa = PBXGroup;
			children = (
				CA29689C257672CC00B595C6 /* HotFixDemoUITests.m */,
				CA29689E257672CC00B595C6 /* Info.plist */,
			);
			path = HotFixDemoUITests;
			sourceTree = "<group>";
		};
/* End PBXGroup section */

/* Begin PBXNativeTarget section */
		CA296871257672CB00B595C6 /* HotFixDemo */ = {
			isa = PBXNativeTarget;
			buildConfigurationList = CA2968A1257672CC00B595C6 /* Build configuration list for PBXNativeTarget "HotFixDemo" */;
			buildPhases = (
				CA29686E257672CB00B595C6 /* Sources */,
				CA29686F257672CB00B595C6 /* Frameworks */,
				CA296870257672CB00B595C6 /* Resources */,
			);
			buildRules = (
			);
			dependencies = (
			);
			name = HotFixDemo;
			productName = HotFixDemo;
			productReference = CA296872257672CB00B595C6 /* HotFixDemo.app */;
			productType = "com.apple.product-type.application";
		};
		CA29688C257672CC00B595C6 /* HotFixDemoTests */ = {
			isa = PBXNativeTarget;
			buildConfigurationList = CA2968A4257672CC00B595C6 /* Build configuration list for PBXNativeTarget "HotFixDemoTests" */;
			buildPhases = (
				CA296889257672CC00B595C6 /* Sources */,
				CA29688A257672CC00B595C6 /* Frameworks */,
				CA29688B257672CC00B595C6 /* Resources */,
			);
			buildRules = (
			);
			dependencies = (
				CA29688F257672CC00B595C6 /* PBXTargetDependency */,
			);
			name = HotFixDemoTests;
			productName = HotFixDemoTests;
			productReference = CA29688D257672CC00B595C6 /* HotFixDemoTests.xctest */;
			productType = "com.apple.product-type.bundle.unit-test";
		};
		CA296897257672CC00B595C6 /* HotFixDemoUITests */ = {
			isa = PBXNativeTarget;
			buildConfigurationList = CA2968A7257672CC00B595C6 /* Build configuration list for PBXNativeTarget "HotFixDemoUITests" */;
			buildPhases = (
				CA296894257672CC00B595C6 /* Sources */,
				CA296895257672CC00B595C6 /* Frameworks */,
				CA296896257672CC00B595C6 /* Resources */,
			);
			buildRules = (
			);
			dependencies = (
				CA29689A257672CC00B595C6 /* PBXTargetDependency */,
			);
			name = HotFixDemoUITests;
			productName = HotFixDemoUITests;
			productReference = CA296898257672CC00B595C6 /* HotFixDemoUITests.xctest */;
			productType = "com.apple.product-type.bundle.ui-testing";
		};
/* End PBXNativeTarget section */

/* Begin PBXProject section */
		CA29686A257672CB00B595C6 /* Project object */ = {
			isa = PBXProject;
			attributes = {
				LastUpgradeCheck = 1210;
				TargetAttributes = {
					CA296871257672CB00B595C6 = {
						CreatedOnToolsVersion = 12.1;
					};
					CA29688C257672CC00B595C6 = {
						CreatedOnToolsVersion = 12.1;
						TestTargetID = CA296871257672CB00B595C6;
					};
					CA296897257672CC00B595C6 = {
						CreatedOnToolsVersion = 12.1;
						TestTargetID = CA296871257672CB00B595C6;
					};
				};
			};
			buildConfigurationList = CA29686D257672CB00B595C6 /* Build configuration list for PBXProject "HotFixDemo" */;
			compatibilityVersion = "Xcode 9.3";
			developmentRegion = en;
			hasScannedForEncodings = 0;
			knownRegions = (
				en,
				Base,
			);
			mainGroup = CA296869257672CB00B595C6;
			productRefGroup = CA296873257672CB00B595C6 /* Products */;
			projectDirPath = "";
			projectRoot = "";
			targets = (
				CA296871257672CB00B595C6 /* HotFixDemo */,
				CA29688C257672CC00B595C6 /* HotFixDemoTests */,
				CA296897257672CC00B595C6 /* HotFixDemoUITests */,
			);
		};
/* End PBXProject section */

/* Begin PBXResourcesBuildPhase section */
		CA296870257672CB00B595C6 /* Resources */ = {
			isa = PBXResourcesBuildPhase;
			buildActionMask = 2147483647;
			files = (
				CAFAEFDB2586DD480090FC0C /* business.js in Resources */,
				CA296885257672CB00B595C6 /* LaunchScreen.storyboard in Resources */,
				CA296882257672CB00B595C6 /* Assets.xcassets in Resources */,
				CA92D08F2586084B0026086F /* compile.js in Resources */,
				CA80B8112586267B00071DAF /* common.js in Resources */,
				CA296880257672CB00B595C6 /* Main.storyboard in Resources */,
				CA92D07A2585FC720026086F /* demo.js in Resources */,
			);
			runOnlyForDeploymentPostprocessing = 0;
		};
		CA29688B257672CC00B595C6 /* Resources */ = {
			isa = PBXResourcesBuildPhase;
			buildActionMask = 2147483647;
			files = (
			);
			runOnlyForDeploymentPostprocessing = 0;
		};
		CA296896257672CC00B595C6 /* Resources */ = {
			isa = PBXResourcesBuildPhase;
			buildActionMask = 2147483647;
			files = (
			);
			runOnlyForDeploymentPostprocessing = 0;
		};
/* End PBXResourcesBuildPhase section */

/* Begin PBXSourcesBuildPhase section */
		CA29686E257672CB00B595C6 /* Sources */ = {
			isa = PBXSourcesBuildPhase;
			buildActionMask = 2147483647;
			files = (
				CA0B2FC6258194B40037BA48 /* SWGNeedleConst.m in Sources */,
				CA29687D257672CB00B595C6 /* ViewController.m in Sources */,
				CA0B2FAF2581900A0037BA48 /* SWGUtil.m in Sources */,
				CA296877257672CB00B595C6 /* AppDelegate.m in Sources */,
				CA0B2FA025818DE90037BA48 /* SWGNeedle.m in Sources */,
				CA296888257672CB00B595C6 /* main.m in Sources */,
				CA29687A257672CB00B595C6 /* SceneDelegate.m in Sources */,
			);
			runOnlyForDeploymentPostprocessing = 0;
		};
		CA296889257672CC00B595C6 /* Sources */ = {
			isa = PBXSourcesBuildPhase;
			buildActionMask = 2147483647;
			files = (
				CA296892257672CC00B595C6 /* HotFixDemoTests.m in Sources */,
			);
			runOnlyForDeploymentPostprocessing = 0;
		};
		CA296894257672CC00B595C6 /* Sources */ = {
			isa = PBXSourcesBuildPhase;
			buildActionMask = 2147483647;
			files = (
				CA29689D257672CC00B595C6 /* HotFixDemoUITests.m in Sources */,
			);
			runOnlyForDeploymentPostprocessing = 0;
		};
/* End PBXSourcesBuildPhase section */

/* Begin PBXTargetDependency section */
		CA29688F257672CC00B595C6 /* PBXTargetDependency */ = {
			isa = PBXTargetDependency;
			target = CA296871257672CB00B595C6 /* HotFixDemo */;
			targetProxy = CA29688E257672CC00B595C6 /* PBXContainerItemProxy */;
		};
		CA29689A257672CC00B595C6 /* PBXTargetDependency */ = {
			isa = PBXTargetDependency;
			target = CA296871257672CB00B595C6 /* HotFixDemo */;
			targetProxy = CA296899257672CC00B595C6 /* PBXContainerItemProxy */;
		};
/* End PBXTargetDependency section */

/* Begin PBXVariantGroup section */
		CA29687E257672CB00B595C6 /* Main.storyboard */ = {
			isa = PBXVariantGroup;
			children = (
				CA29687F257672CB00B595C6 /* Base */,
			);
			name = Main.storyboard;
			sourceTree = "<group>";
		};
		CA296883257672CB00B595C6 /* LaunchScreen.storyboard */ = {
			isa = PBXVariantGroup;
			children = (
				CA296884257672CB00B595C6 /* Base */,
			);
			name = LaunchScreen.storyboard;
			sourceTree = "<group>";
		};
/* End PBXVariantGroup section */

/* Begin XCBuildConfiguration section */
		CA29689F257672CC00B595C6 /* Debug */ = {
			isa = XCBuildConfiguration;
			buildSettings = {
				ALWAYS_SEARCH_USER_PATHS = NO;
				CLANG_ANALYZER_NONNULL = YES;
				CLANG_ANALYZER_NUMBER_OBJECT_CONVERSION = YES_AGGRESSIVE;
				CLANG_CXX_LANGUAGE_STANDARD = "gnu++14";
				CLANG_CXX_LIBRARY = "libc++";
				CLANG_ENABLE_MODULES = YES;
				CLANG_ENABLE_OBJC_ARC = YES;
				CLANG_ENABLE_OBJC_WEAK = YES;
				CLANG_WARN_BLOCK_CAPTURE_AUTORELEASING = YES;
				CLANG_WARN_BOOL_CONVERSION = YES;
				CLANG_WARN_COMMA = YES;
				CLANG_WARN_CONSTANT_CONVERSION = YES;
				CLANG_WARN_DEPRECATED_OBJC_IMPLEMENTATIONS = YES;
				CLANG_WARN_DIRECT_OBJC_ISA_USAGE = YES_ERROR;
				CLANG_WARN_DOCUMENTATION_COMMENTS = YES;
				CLANG_WARN_EMPTY_BODY = YES;
				CLANG_WARN_ENUM_CONVERSION = YES;
				CLANG_WARN_INFINITE_RECURSION = YES;
				CLANG_WARN_INT_CONVERSION = YES;
				CLANG_WARN_NON_LITERAL_NULL_CONVERSION = YES;
				CLANG_WARN_OBJC_IMPLICIT_RETAIN_SELF = YES;
				CLANG_WARN_OBJC_LITERAL_CONVERSION = YES;
				CLANG_WARN_OBJC_ROOT_CLASS = YES_ERROR;
				CLANG_WARN_QUOTED_INCLUDE_IN_FRAMEWORK_HEADER = YES;
				CLANG_WARN_RANGE_LOOP_ANALYSIS = YES;
				CLANG_WARN_STRICT_PROTOTYPES = YES;
				CLANG_WARN_SUSPICIOUS_MOVE = YES;
				CLANG_WARN_UNGUARDED_AVAILABILITY = YES_AGGRESSIVE;
				CLANG_WARN_UNREACHABLE_CODE = YES;
				CLANG_WARN__DUPLICATE_METHOD_MATCH = YES;
				COPY_PHASE_STRIP = NO;
				DEBUG_INFORMATION_FORMAT = dwarf;
				ENABLE_STRICT_OBJC_MSGSEND = YES;
				ENABLE_TESTABILITY = YES;
				GCC_C_LANGUAGE_STANDARD = gnu11;
				GCC_DYNAMIC_NO_PIC = NO;
				GCC_NO_COMMON_BLOCKS = YES;
				GCC_OPTIMIZATION_LEVEL = 0;
				GCC_PREPROCESSOR_DEFINITIONS = (
					"DEBUG=1",
					"$(inherited)",
				);
				GCC_WARN_64_TO_32_BIT_CONVERSION = YES;
				GCC_WARN_ABOUT_RETURN_TYPE = YES_ERROR;
				GCC_WARN_UNDECLARED_SELECTOR = YES;
				GCC_WARN_UNINITIALIZED_AUTOS = YES_AGGRESSIVE;
				GCC_WARN_UNUSED_FUNCTION = YES;
				GCC_WARN_UNUSED_VARIABLE = YES;
				IPHONEOS_DEPLOYMENT_TARGET = 14.1;
				MTL_ENABLE_DEBUG_INFO = INCLUDE_SOURCE;
				MTL_FAST_MATH = YES;
				ONLY_ACTIVE_ARCH = YES;
				SDKROOT = iphoneos;
			};
			name = Debug;
		};
		CA2968A0257672CC00B595C6 /* Release */ = {
			isa = XCBuildConfiguration;
			buildSettings = {
				ALWAYS_SEARCH_USER_PATHS = NO;
				CLANG_ANALYZER_NONNULL = YES;
				CLANG_ANALYZER_NUMBER_OBJECT_CONVERSION = YES_AGGRESSIVE;
				CLANG_CXX_LANGUAGE_STANDARD = "gnu++14";
				CLANG_CXX_LIBRARY = "libc++";
				CLANG_ENABLE_MODULES = YES;
				CLANG_ENABLE_OBJC_ARC = YES;
				CLANG_ENABLE_OBJC_WEAK = YES;
				CLANG_WARN_BLOCK_CAPTURE_AUTORELEASING = YES;
				CLANG_WARN_BOOL_CONVERSION = YES;
				CLANG_WARN_COMMA = YES;
				CLANG_WARN_CONSTANT_CONVERSION = YES;
				CLANG_WARN_DEPRECATED_OBJC_IMPLEMENTATIONS = YES;
				CLANG_WARN_DIRECT_OBJC_ISA_USAGE = YES_ERROR;
				CLANG_WARN_DOCUMENTATION_COMMENTS = YES;
				CLANG_WARN_EMPTY_BODY = YES;
				CLANG_WARN_ENUM_CONVERSION = YES;
				CLANG_WARN_INFINITE_RECURSION = YES;
				CLANG_WARN_INT_CONVERSION = YES;
				CLANG_WARN_NON_LITERAL_NULL_CONVERSION = YES;
				CLANG_WARN_OBJC_IMPLICIT_RETAIN_SELF = YES;
				CLANG_WARN_OBJC_LITERAL_CONVERSION = YES;
				CLANG_WARN_OBJC_ROOT_CLASS = YES_ERROR;
				CLANG_WARN_QUOTED_INCLUDE_IN_FRAMEWORK_HEADER = YES;
				CLANG_WARN_RANGE_LOOP_ANALYSIS = YES;
				CLANG_WARN_STRICT_PROTOTYPES = YES;
				CLANG_WARN_SUSPICIOUS_MOVE = YES;
				CLANG_WARN_UNGUARDED_AVAILABILITY = YES_AGGRESSIVE;
				CLANG_WARN_UNREACHABLE_CODE = YES;
				CLANG_WARN__DUPLICATE_METHOD_MATCH = YES;
				COPY_PHASE_STRIP = NO;
				DEBUG_INFORMATION_FORMAT = "dwarf-with-dsym";
				ENABLE_NS_ASSERTIONS = NO;
				ENABLE_STRICT_OBJC_MSGSEND = YES;
				GCC_C_LANGUAGE_STANDARD = gnu11;
				GCC_NO_COMMON_BLOCKS = YES;
				GCC_WARN_64_TO_32_BIT_CONVERSION = YES;
				GCC_WARN_ABOUT_RETURN_TYPE = YES_ERROR;
				GCC_WARN_UNDECLARED_SELECTOR = YES;
				GCC_WARN_UNINITIALIZED_AUTOS = YES_AGGRESSIVE;
				GCC_WARN_UNUSED_FUNCTION = YES;
				GCC_WARN_UNUSED_VARIABLE = YES;
				IPHONEOS_DEPLOYMENT_TARGET = 14.1;
				MTL_ENABLE_DEBUG_INFO = NO;
				MTL_FAST_MATH = YES;
				SDKROOT = iphoneos;
				VALIDATE_PRODUCT = YES;
			};
			name = Release;
		};
		CA2968A2257672CC00B595C6 /* Debug */ = {
			isa = XCBuildConfiguration;
			buildSettings = {
				ASSETCATALOG_COMPILER_APPICON_NAME = AppIcon;
				ASSETCATALOG_COMPILER_GLOBAL_ACCENT_COLOR_NAME = AccentColor;
				CODE_SIGN_STYLE = Automatic;
				INFOPLIST_FILE = HotFixDemo/Info.plist;
				LD_RUNPATH_SEARCH_PATHS = (
					"$(inherited)",
					"@executable_path/Frameworks",
				);
				PRODUCT_BUNDLE_IDENTIFIER = com.wenjie.demo.HotFixDemo;
				PRODUCT_NAME = "$(TARGET_NAME)";
				TARGETED_DEVICE_FAMILY = "1,2";
			};
			name = Debug;
		};
		CA2968A3257672CC00B595C6 /* Release */ = {
			isa = XCBuildConfiguration;
			buildSettings = {
				ASSETCATALOG_COMPILER_APPICON_NAME = AppIcon;
				ASSETCATALOG_COMPILER_GLOBAL_ACCENT_COLOR_NAME = AccentColor;
				CODE_SIGN_STYLE = Automatic;
				INFOPLIST_FILE = HotFixDemo/Info.plist;
				LD_RUNPATH_SEARCH_PATHS = (
					"$(inherited)",
					"@executable_path/Frameworks",
				);
				PRODUCT_BUNDLE_IDENTIFIER = com.wenjie.demo.HotFixDemo;
				PRODUCT_NAME = "$(TARGET_NAME)";
				TARGETED_DEVICE_FAMILY = "1,2";
			};
			name = Release;
		};
		CA2968A5257672CC00B595C6 /* Debug */ = {
			isa = XCBuildConfiguration;
			buildSettings = {
				BUNDLE_LOADER = "$(TEST_HOST)";
				CODE_SIGN_STYLE = Automatic;
				INFOPLIST_FILE = HotFixDemoTests/Info.plist;
				IPHONEOS_DEPLOYMENT_TARGET = 14.1;
				LD_RUNPATH_SEARCH_PATHS = (
					"$(inherited)",
					"@executable_path/Frameworks",
					"@loader_path/Frameworks",
				);
				PRODUCT_BUNDLE_IDENTIFIER = com.wenjie.demo.HotFixDemoTests;
				PRODUCT_NAME = "$(TARGET_NAME)";
				TARGETED_DEVICE_FAMILY = "1,2";
				TEST_HOST = "$(BUILT_PRODUCTS_DIR)/HotFixDemo.app/HotFixDemo";
			};
			name = Debug;
		};
		CA2968A6257672CC00B595C6 /* Release */ = {
			isa = XCBuildConfiguration;
			buildSettings = {
				BUNDLE_LOADER = "$(TEST_HOST)";
				CODE_SIGN_STYLE = Automatic;
				INFOPLIST_FILE = HotFixDemoTests/Info.plist;
				IPHONEOS_DEPLOYMENT_TARGET = 14.1;
				LD_RUNPATH_SEARCH_PATHS = (
					"$(inherited)",
					"@executable_path/Frameworks",
					"@loader_path/Frameworks",
				);
				PRODUCT_BUNDLE_IDENTIFIER = com.wenjie.demo.HotFixDemoTests;
				PRODUCT_NAME = "$(TARGET_NAME)";
				TARGETED_DEVICE_FAMILY = "1,2";
				TEST_HOST = "$(BUILT_PRODUCTS_DIR)/HotFixDemo.app/HotFixDemo";
			};
			name = Release;
		};
		CA2968A8257672CC00B595C6 /* Debug */ = {
			isa = XCBuildConfiguration;
			buildSettings = {
				CODE_SIGN_STYLE = Automatic;
				INFOPLIST_FILE = HotFixDemoUITests/Info.plist;
				LD_RUNPATH_SEARCH_PATHS = (
					"$(inherited)",
					"@executable_path/Frameworks",
					"@loader_path/Frameworks",
				);
				PRODUCT_BUNDLE_IDENTIFIER = com.wenjie.demo.HotFixDemoUITests;
				PRODUCT_NAME = "$(TARGET_NAME)";
				TARGETED_DEVICE_FAMILY = "1,2";
				TEST_TARGET_NAME = HotFixDemo;
			};
			name = Debug;
		};
		CA2968A9257672CC00B595C6 /* Release */ = {
			isa = XCBuildConfiguration;
			buildSettings = {
				CODE_SIGN_STYLE = Automatic;
				INFOPLIST_FILE = HotFixDemoUITests/Info.plist;
				LD_RUNPATH_SEARCH_PATHS = (
					"$(inherited)",
					"@executable_path/Frameworks",
					"@loader_path/Frameworks",
				);
				PRODUCT_BUNDLE_IDENTIFIER = com.wenjie.demo.HotFixDemoUITests;
				PRODUCT_NAME = "$(TARGET_NAME)";
				TARGETED_DEVICE_FAMILY = "1,2";
				TEST_TARGET_NAME = HotFixDemo;
			};
			name = Release;
		};
/* End XCBuildConfiguration section */

/* Begin XCConfigurationList section */
		CA29686D257672CB00B595C6 /* Build configuration list for PBXProject "HotFixDemo" */ = {
			isa = XCConfigurationList;
			buildConfigurations = (
				CA29689F257672CC00B595C6 /* Debug */,
				CA2968A0257672CC00B595C6 /* Release */,
			);
			defaultConfigurationIsVisible = 0;
			defaultConfigurationName = Release;
		};
		CA2968A1257672CC00B595C6 /* Build configuration list for PBXNativeTarget "HotFixDemo" */ = {
			isa = XCConfigurationList;
			buildConfigurations = (
				CA2968A2257672CC00B595C6 /* Debug */,
				CA2968A3257672CC00B595C6 /* Release */,
			);
			defaultConfigurationIsVisible = 0;
			defaultConfigurationName = Release;
		};
		CA2968A4257672CC00B595C6 /* Build configuration list for PBXNativeTarget "HotFixDemoTests" */ = {
			isa = XCConfigurationList;
			buildConfigurations = (
				CA2968A5257672CC00B595C6 /* Debug */,
				CA2968A6257672CC00B595C6 /* Release */,
			);
			defaultConfigurationIsVisible = 0;
			defaultConfigurationName = Release;
		};
		CA2968A7257672CC00B595C6 /* Build configuration list for PBXNativeTarget "HotFixDemoUITests" */ = {
			isa = XCConfigurationList;
			buildConfigurations = (
				CA2968A8257672CC00B595C6 /* Debug */,
				CA2968A9257672CC00B595C6 /* Release */,
			);
			defaultConfigurationIsVisible = 0;
			defaultConfigurationName = Release;
		};
/* End XCConfigurationList section */
	};
	rootObject = CA29686A257672CB00B595C6 /* Project object */;
}
